
Microsoft Visual Studio Solution File, Format Version 12.00
# Visual Studio Version 17
VisualStudioVersion = 17.2.32526.322
MinimumVisualStudioVersion = 10.0.40219.1
Project("{FAE04EC0-301F-11D3-BF4B-00C04F79EFBC}") = "ExcelApp", "ExcelApp\ExcelApp.csproj", "{DC06E461-86C9-4E0F-871B-587B15F6AE95}"
EndProject
Global
	GlobalSection(SolutionConfigurationPlatforms) = preSolution
		Debug|Any CPU = Debug|Any CPU
		Release|Any CPU = Release|Any CPU
	EndGlobalSection
	GlobalSection(ProjectConfigurationPlatforms) = postSolution
		{DC06E461-86C9-4E0F-871B-587B15F6AE95}.Debug|Any CPU.ActiveCfg = Debug|Any CPU
		{DC06E461-86C9-4E0F-871B-587B15F6AE95}.Debug|Any CPU.Build.0 = Debug|Any CPU
		{DC06E461-86C9-4E0F-871B-587B15F6AE95}.Release|Any CPU.ActiveCfg = Release|Any CPU
		{DC06E461-86C9-4E0F-871B-587B15F6AE95}.Release|Any CPU.Build.0 = Release|Any CPU
	EndGlobalSection
	GlobalSection(SolutionProperties) = preSolution
		HideSolutionNode = FALSE
	EndGlobalSection
	GlobalSection(ExtensibilityGlobals) = postSolution
		SolutionGuid = {23C834BE-C9D2-4B2C-88A5-268BB09689C8}
	EndGlobalSection
EndGlobal
